
Microsoft Visual Studio Solution File, Format Version 12.00
# Visual Studio Version 17
VisualStudioVersion = 17.5.33424.131
MinimumVisualStudioVersion = 10.0.40219.1
Project("{FAE04EC0-301F-11D3-BF4B-00C04F79EFBC}") = "BankKonto", "BankKonto\BankKonto.csproj", "{AAC7EFE1-F3A9-4C8D-A5E3-4AA3EEED3E15}"
EndProject
Global
	GlobalSection(SolutionConfigurationPlatforms) = preSolution
		Debug|Any CPU = Debug|Any CPU
		Release|Any CPU = Release|Any CPU
	EndGlobalSection
	GlobalSection(ProjectConfigurationPlatforms) = postSolution
		{AAC7EFE1-F3A9-4C8D-A5E3-4AA3EEED3E15}.Debug|Any CPU.ActiveCfg = Debug|Any CPU
		{AAC7EFE1-F3A9-4C8D-A5E3-4AA3EEED3E15}.Debug|Any CPU.Build.0 = Debug|Any CPU
		{AAC7EFE1-F3A9-4C8D-A5E3-4AA3EEED3E15}.Release|Any CPU.ActiveCfg = Release|Any CPU
		{AAC7EFE1-F3A9-4C8D-A5E3-4AA3EEED3E15}.Release|Any CPU.Build.0 = Release|Any CPU
	EndGlobalSection
	GlobalSection(SolutionProperties) = preSolution
		HideSolutionNode = FALSE
	EndGlobalSection
	GlobalSection(ExtensibilityGlobals) = postSolution
		SolutionGuid = {2BAAFC36-F917-4572-BDF4-C52609DBBEF5}
	EndGlobalSection
EndGlobal
